// !$*UTF8*$!
{
	archiveVersion = 1;
	classes = {
	};
	objectVersion = 56;
	objects = {

/* Begin PBXBuildFile section */
		806A05982AB897900038E5CA /* AppDelegate.swift in Sources */ = {isa = PBXBuildFile; fileRef = 806A05972AB897900038E5CA /* AppDelegate.swift */; };
		806A059A2AB897900038E5CA /* SceneDelegate.swift in Sources */ = {isa = PBXBuildFile; fileRef = 806A05992AB897900038E5CA /* SceneDelegate.swift */; };
		806A059C2AB897900038E5CA /* RandomViewController.swift in Sources */ = {isa = PBXBuildFile; fileRef = 806A059B2AB897900038E5CA /* RandomViewController.swift */; };
		806A059F2AB897900038E5CA /* Main.storyboard in Resources */ = {isa = PBXBuildFile; fileRef = 806A059D2AB897900038E5CA /* Main.storyboard */; };
		806A05A12AB897920038E5CA /* Assets.xcassets in Resources */ = {isa = PBXBuildFile; fileRef = 806A05A02AB897920038E5CA /* Assets.xcassets */; };
		806A05A42AB897920038E5CA /* LaunchScreen.storyboard in Resources */ = {isa = PBXBuildFile; fileRef = 806A05A22AB897920038E5CA /* LaunchScreen.storyboard */; };
		806A05B02AB89ABA0038E5CA /* APIRequest.swift in Sources */ = {isa = PBXBuildFile; fileRef = 806A05AF2AB89ABA0038E5CA /* APIRequest.swift */; };
		806A05B22AB89B130038E5CA /* RandomViewModel.swift in Sources */ = {isa = PBXBuildFile; fileRef = 806A05B12AB89B130038E5CA /* RandomViewModel.swift */; };
		806A05B42AB89CB40038E5CA /* .gitignore in Resources */ = {isa = PBXBuildFile; fileRef = 806A05B32AB89CB40038E5CA /* .gitignore */; };
		806A05B62AB89CDF0038E5CA /* APIKey.swift in Sources */ = {isa = PBXBuildFile; fileRef = 806A05B52AB89CDF0038E5CA /* APIKey.swift */; };
		806A05B82AB89E6E0038E5CA /* Photo.swift in Sources */ = {isa = PBXBuildFile; fileRef = 806A05B72AB89E6E0038E5CA /* Photo.swift */; };
/* End PBXBuildFile section */

/* Begin PBXFileReference section */
		806A05942AB897900038E5CA /* RandomUnsplash.MVVM.app */ = {isa = PBXFileReference; explicitFileType = wrapper.application; includeInIndex = 0; path = RandomUnsplash.MVVM.app; sourceTree = BUILT_PRODUCTS_DIR; };
		806A05972AB897900038E5CA /* AppDelegate.swift */ = {isa = PBXFileReference; lastKnownFileType = sourcecode.swift; path = AppDelegate.swift; sourceTree = "<group>"; };
		806A05992AB897900038E5CA /* SceneDelegate.swift */ = {isa = PBXFileReference; lastKnownFileType = sourcecode.swift; path = SceneDelegate.swift; sourceTree = "<group>"; };
		806A059B2AB897900038E5CA /* RandomViewController.swift */ = {isa = PBXFileReference; lastKnownFileType = sourcecode.swift; path = RandomViewController.swift; sourceTree = "<group>"; };
		806A059E2AB897900038E5CA /* Base */ = {isa = PBXFileReference; lastKnownFileType = file.storyboard; name = Base; path = Base.lproj/Main.storyboard; sourceTree = "<group>"; };
		806A05A02AB897920038E5CA /* Assets.xcassets */ = {isa = PBXFileReference; lastKnownFileType = folder.assetcatalog; path = Assets.xcassets; sourceTree = "<group>"; };
		806A05A32AB897920038E5CA /* Base */ = {isa = PBXFileReference; lastKnownFileType = file.storyboard; name = Base; path = Base.lproj/LaunchScreen.storyboard; sourceTree = "<group>"; };
		806A05A52AB897920038E5CA /* Info.plist */ = {isa = PBXFileReference; lastKnownFileType = text.plist.xml; path = Info.plist; sourceTree = "<group>"; };
		806A05AF2AB89ABA0038E5CA /* APIRequest.swift */ = {isa = PBXFileReference; lastKnownFileType = sourcecode.swift; path = APIRequest.swift; sourceTree = "<group>"; };
		806A05B12AB89B130038E5CA /* RandomViewModel.swift */ = {isa = PBXFileReference; lastKnownFileType = sourcecode.swift; path = RandomViewModel.swift; sourceTree = "<group>"; };
		806A05B32AB89CB40038E5CA /* .gitignore */ = {isa = PBXFileReference; lastKnownFileType = text; path = .gitignore; sourceTree = "<group>"; };
		806A05B52AB89CDF0038E5CA /* APIKey.swift */ = {isa = PBXFileReference; lastKnownFileType = sourcecode.swift; path = APIKey.swift; sourceTree = "<group>"; };
		806A05B72AB89E6E0038E5CA /* Photo.swift */ = {isa = PBXFileReference; lastKnownFileType = sourcecode.swift; path = Photo.swift; sourceTree = "<group>"; };
/* End PBXFileReference section */

/* Begin PBXFrameworksBuildPhase section */
		806A05912AB897900038E5CA /* Frameworks */ = {
			isa = PBXFrameworksBuildPhase;
			buildActionMask = 2147483647;
			files = (
			);
			runOnlyForDeploymentPostprocessing = 0;
		};
/* End PBXFrameworksBuildPhase section */

/* Begin PBXGroup section */
		806A058B2AB897900038E5CA = {
			isa = PBXGroup;
			children = (
				806A05962AB897900038E5CA /* RandomUnsplash.MVVM */,
				806A05952AB897900038E5CA /* Products */,
			);
			sourceTree = "<group>";
		};
		806A05952AB897900038E5CA /* Products */ = {
			isa = PBXGroup;
			children = (
				806A05942AB897900038E5CA /* RandomUnsplash.MVVM.app */,
			);
			name = Products;
			sourceTree = "<group>";
		};
		806A05962AB897900038E5CA /* RandomUnsplash.MVVM */ = {
			isa = PBXGroup;
			children = (
				806A05972AB897900038E5CA /* AppDelegate.swift */,
				806A05992AB897900038E5CA /* SceneDelegate.swift */,
				806A05AE2AB89A390038E5CA /* Network */,
				806A05AB2AB899680038E5CA /* Models */,
				806A05AD2AB89A230038E5CA /* ViewModels */,
				806A05AC2AB89A150038E5CA /* Views */,
				806A05A02AB897920038E5CA /* Assets.xcassets */,
				806A05A22AB897920038E5CA /* LaunchScreen.storyboard */,
				806A05A52AB897920038E5CA /* Info.plist */,
				806A05B32AB89CB40038E5CA /* .gitignore */,
				806A05B52AB89CDF0038E5CA /* APIKey.swift */,
			);
			path = RandomUnsplash.MVVM;
			sourceTree = "<group>";
		};
		806A05AB2AB899680038E5CA /* Models */ = {
			isa = PBXGroup;
			children = (
				806A059D2AB897900038E5CA /* Main.storyboard */,
				806A05B72AB89E6E0038E5CA /* Photo.swift */,
			);
			path = Models;
			sourceTree = "<group>";
		};
		806A05AC2AB89A150038E5CA /* Views */ = {
			isa = PBXGroup;
			children = (
				806A059B2AB897900038E5CA /* RandomViewController.swift */,
			);
			path = Views;
			sourceTree = "<group>";
		};
		806A05AD2AB89A230038E5CA /* ViewModels */ = {
			isa = PBXGroup;
			children = (
				806A05B12AB89B130038E5CA /* RandomViewModel.swift */,
			);
			path = ViewModels;
			sourceTree = "<group>";
		};
		806A05AE2AB89A390038E5CA /* Network */ = {
			isa = PBXGroup;
			children = (
				806A05AF2AB89ABA0038E5CA /* APIRequest.swift */,
			);
			path = Network;
			sourceTree = "<group>";
		};
/* End PBXGroup section */

/* Begin PBXNativeTarget section */
		806A05932AB897900038E5CA /* RandomUnsplash.MVVM */ = {
			isa = PBXNativeTarget;
			buildConfigurationList = 806A05A82AB897920038E5CA /* Build configuration list for PBXNativeTarget "RandomUnsplash.MVVM" */;
			buildPhases = (
				806A05902AB897900038E5CA /* Sources */,
				806A05912AB897900038E5CA /* Frameworks */,
				806A05922AB897900038E5CA /* Resources */,
			);
			buildRules = (
			);
			dependencies = (
			);
			name = RandomUnsplash.MVVM;
			productName = RandomUnsplash.MVVM;
			productReference = 806A05942AB897900038E5CA /* RandomUnsplash.MVVM.app */;
			productType = "com.apple.product-type.application";
		};
/* End PBXNativeTarget section */

/* Begin PBXProject section */
		806A058C2AB897900038E5CA /* Project object */ = {
			isa = PBXProject;
			attributes = {
				BuildIndependentTargetsInParallel = 1;
				LastSwiftUpdateCheck = 1430;
				LastUpgradeCheck = 1430;
				TargetAttributes = {
					806A05932AB897900038E5CA = {
						CreatedOnToolsVersion = 14.3.1;
					};
				};
			};
			buildConfigurationList = 806A058F2AB897900038E5CA /* Build configuration list for PBXProject "RandomUnsplash.MVVM" */;
			compatibilityVersion = "Xcode 14.0";
			developmentRegion = en;
			hasScannedForEncodings = 0;
			knownRegions = (
				en,
				Base,
			);
			mainGroup = 806A058B2AB897900038E5CA;
			productRefGroup = 806A05952AB897900038E5CA /* Products */;
			projectDirPath = "";
			projectRoot = "";
			targets = (
				806A05932AB897900038E5CA /* RandomUnsplash.MVVM */,
			);
		};
/* End PBXProject section */

/* Begin PBXResourcesBuildPhase section */
		806A05922AB897900038E5CA /* Resources */ = {
			isa = PBXResourcesBuildPhase;
			buildActionMask = 2147483647;
			files = (
				806A05B42AB89CB40038E5CA /* .gitignore in Resources */,
				806A05A42AB897920038E5CA /* LaunchScreen.storyboard in Resources */,
				806A05A12AB897920038E5CA /* Assets.xcassets in Resources */,
				806A059F2AB897900038E5CA /* Main.storyboard in Resources */,
			);
			runOnlyForDeploymentPostprocessing = 0;
		};
/* End PBXResourcesBuildPhase section */

/* Begin PBXSourcesBuildPhase section */
		806A05902AB897900038E5CA /* Sources */ = {
			isa = PBXSourcesBuildPhase;
			buildActionMask = 2147483647;
			files = (
				806A05B82AB89E6E0038E5CA /* Photo.swift in Sources */,
				806A059C2AB897900038E5CA /* RandomViewController.swift in Sources */,
				806A05982AB897900038E5CA /* AppDelegate.swift in Sources */,
				806A05B02AB89ABA0038E5CA /* APIRequest.swift in Sources */,
				806A059A2AB897900038E5CA /* SceneDelegate.swift in Sources */,
				806A05B62AB89CDF0038E5CA /* APIKey.swift in Sources */,
				806A05B22AB89B130038E5CA /* RandomViewModel.swift in Sources */,
			);
			runOnlyForDeploymentPostprocessing = 0;
		};
/* End PBXSourcesBuildPhase section */

/* Begin PBXVariantGroup section */
		806A059D2AB897900038E5CA /* Main.storyboard */ = {
			isa = PBXVariantGroup;
			children = (
				806A059E2AB897900038E5CA /* Base */,
			);
			name = Main.storyboard;
			sourceTree = "<group>";
		};
		806A05A22AB897920038E5CA /* LaunchScreen.storyboard */ = {
			isa = PBXVariantGroup;
			children = (
				806A05A32AB897920038E5CA /* Base */,
			);
			name = LaunchScreen.storyboard;
			sourceTree = "<group>";
		};
/* End PBXVariantGroup section */

/* Begin XCBuildConfiguration section */
		806A05A62AB897920038E5CA /* Debug */ = {
			isa = XCBuildConfiguration;
			buildSettings = {
				ALWAYS_SEARCH_USER_PATHS = NO;
				CLANG_ANALYZER_NONNULL = YES;
				CLANG_ANALYZER_NUMBER_OBJECT_CONVERSION = YES_AGGRESSIVE;
				CLANG_CXX_LANGUAGE_STANDARD = "gnu++20";
				CLANG_ENABLE_MODULES = YES;
				CLANG_ENABLE_OBJC_ARC = YES;
				CLANG_ENABLE_OBJC_WEAK = YES;
				CLANG_WARN_BLOCK_CAPTURE_AUTORELEASING = YES;
				CLANG_WARN_BOOL_CONVERSION = YES;
				CLANG_WARN_COMMA = YES;
				CLANG_WARN_CONSTANT_CONVERSION = YES;
				CLANG_WARN_DEPRECATED_OBJC_IMPLEMENTATIONS = YES;
				CLANG_WARN_DIRECT_OBJC_ISA_USAGE = YES_ERROR;
				CLANG_WARN_DOCUMENTATION_COMMENTS = YES;
				CLANG_WARN_EMPTY_BODY = YES;
				CLANG_WARN_ENUM_CONVERSION = YES;
				CLANG_WARN_INFINITE_RECURSION = YES;
				CLANG_WARN_INT_CONVERSION = YES;
				CLANG_WARN_NON_LITERAL_NULL_CONVERSION = YES;
				CLANG_WARN_OBJC_IMPLICIT_RETAIN_SELF = YES;
				CLANG_WARN_OBJC_LITERAL_CONVERSION = YES;
				CLANG_WARN_OBJC_ROOT_CLASS = YES_ERROR;
				CLANG_WARN_QUOTED_INCLUDE_IN_FRAMEWORK_HEADER = YES;
				CLANG_WARN_RANGE_LOOP_ANALYSIS = YES;
				CLANG_WARN_STRICT_PROTOTYPES = YES;
				CLANG_WARN_SUSPICIOUS_MOVE = YES;
				CLANG_WARN_UNGUARDED_AVAILABILITY = YES_AGGRESSIVE;
				CLANG_WARN_UNREACHABLE_CODE = YES;
				CLANG_WARN__DUPLICATE_METHOD_MATCH = YES;
				COPY_PHASE_STRIP = NO;
				DEBUG_INFORMATION_FORMAT = dwarf;
				ENABLE_STRICT_OBJC_MSGSEND = YES;
				ENABLE_TESTABILITY = YES;
				GCC_C_LANGUAGE_STANDARD = gnu11;
				GCC_DYNAMIC_NO_PIC = NO;
				GCC_NO_COMMON_BLOCKS = YES;
				GCC_OPTIMIZATION_LEVEL = 0;
				GCC_PREPROCESSOR_DEFINITIONS = (
					"DEBUG=1",
					"$(inherited)",
				);
				GCC_WARN_64_TO_32_BIT_CONVERSION = YES;
				GCC_WARN_ABOUT_RETURN_TYPE = YES_ERROR;
				GCC_WARN_UNDECLARED_SELECTOR = YES;
				GCC_WARN_UNINITIALIZED_AUTOS = YES_AGGRESSIVE;
				GCC_WARN_UNUSED_FUNCTION = YES;
				GCC_WARN_UNUSED_VARIABLE = YES;
				IPHONEOS_DEPLOYMENT_TARGET = 16.4;
				MTL_ENABLE_DEBUG_INFO = INCLUDE_SOURCE;
				MTL_FAST_MATH = YES;
				ONLY_ACTIVE_ARCH = YES;
				SDKROOT = iphoneos;
				SWIFT_ACTIVE_COMPILATION_CONDITIONS = DEBUG;
				SWIFT_OPTIMIZATION_LEVEL = "-Onone";
			};
			name = Debug;
		};
		806A05A72AB897920038E5CA /* Release */ = {
			isa = XCBuildConfiguration;
			buildSettings = {
				ALWAYS_SEARCH_USER_PATHS = NO;
				CLANG_ANALYZER_NONNULL = YES;
				CLANG_ANALYZER_NUMBER_OBJECT_CONVERSION = YES_AGGRESSIVE;
				CLANG_CXX_LANGUAGE_STANDARD = "gnu++20";
				CLANG_ENABLE_MODULES = YES;
				CLANG_ENABLE_OBJC_ARC = YES;
				CLANG_ENABLE_OBJC_WEAK = YES;
				CLANG_WARN_BLOCK_CAPTURE_AUTORELEASING = YES;
				CLANG_WARN_BOOL_CONVERSION = YES;
				CLANG_WARN_COMMA = YES;
				CLANG_WARN_CONSTANT_CONVERSION = YES;
				CLANG_WARN_DEPRECATED_OBJC_IMPLEMENTATIONS = YES;
				CLANG_WARN_DIRECT_OBJC_ISA_USAGE = YES_ERROR;
				CLANG_WARN_DOCUMENTATION_COMMENTS = YES;
				CLANG_WARN_EMPTY_BODY = YES;
				CLANG_WARN_ENUM_CONVERSION = YES;
				CLANG_WARN_INFINITE_RECURSION = YES;
				CLANG_WARN_INT_CONVERSION = YES;
				CLANG_WARN_NON_LITERAL_NULL_CONVERSION = YES;
				CLANG_WARN_OBJC_IMPLICIT_RETAIN_SELF = YES;
				CLANG_WARN_OBJC_LITERAL_CONVERSION = YES;
				CLANG_WARN_OBJC_ROOT_CLASS = YES_ERROR;
				CLANG_WARN_QUOTED_INCLUDE_IN_FRAMEWORK_HEADER = YES;
				CLANG_WARN_RANGE_LOOP_ANALYSIS = YES;
				CLANG_WARN_STRICT_PROTOTYPES = YES;
				CLANG_WARN_SUSPICIOUS_MOVE = YES;
				CLANG_WARN_UNGUARDED_AVAILABILITY = YES_AGGRESSIVE;
				CLANG_WARN_UNREACHABLE_CODE = YES;
				CLANG_WARN__DUPLICATE_METHOD_MATCH = YES;
				COPY_PHASE_STRIP = NO;
				DEBUG_INFORMATION_FORMAT = "dwarf-with-dsym";
				ENABLE_NS_ASSERTIONS = NO;
				ENABLE_STRICT_OBJC_MSGSEND = YES;
				GCC_C_LANGUAGE_STANDARD = gnu11;
				GCC_NO_COMMON_BLOCKS = YES;
				GCC_WARN_64_TO_32_BIT_CONVERSION = YES;
				GCC_WARN_ABOUT_RETURN_TYPE = YES_ERROR;
				GCC_WARN_UNDECLARED_SELECTOR = YES;
				GCC_WARN_UNINITIALIZED_AUTOS = YES_AGGRESSIVE;
				GCC_WARN_UNUSED_FUNCTION = YES;
				GCC_WARN_UNUSED_VARIABLE = YES;
				IPHONEOS_DEPLOYMENT_TARGET = 16.4;
				MTL_ENABLE_DEBUG_INFO = NO;
				MTL_FAST_MATH = YES;
				SDKROOT = iphoneos;
				SWIFT_COMPILATION_MODE = wholemodule;
				SWIFT_OPTIMIZATION_LEVEL = "-O";
				VALIDATE_PRODUCT = YES;
			};
			name = Release;
		};
		806A05A92AB897920038E5CA /* Debug */ = {
			isa = XCBuildConfiguration;
			buildSettings = {
				ASSETCATALOG_COMPILER_APPICON_NAME = AppIcon;
				ASSETCATALOG_COMPILER_GLOBAL_ACCENT_COLOR_NAME = AccentColor;
				CODE_SIGN_STYLE = Automatic;
				CURRENT_PROJECT_VERSION = 1;
				DEVELOPMENT_TEAM = PUJ68C53FY;
				GENERATE_INFOPLIST_FILE = YES;
				INFOPLIST_FILE = RandomUnsplash.MVVM/Info.plist;
				INFOPLIST_KEY_UIApplicationSupportsIndirectInputEvents = YES;
				INFOPLIST_KEY_UILaunchStoryboardName = LaunchScreen;
				INFOPLIST_KEY_UIMainStoryboardFile = Main;
				INFOPLIST_KEY_UISupportedInterfaceOrientations_iPad = "UIInterfaceOrientationPortrait UIInterfaceOrientationPortraitUpsideDown UIInterfaceOrientationLandscapeLeft UIInterfaceOrientationLandscapeRight";
				INFOPLIST_KEY_UISupportedInterfaceOrientations_iPhone = "UIInterfaceOrientationPortrait UIInterfaceOrientationLandscapeLeft UIInterfaceOrientationLandscapeRight";
				LD_RUNPATH_SEARCH_PATHS = (
					"$(inherited)",
					"@executable_path/Frameworks",
				);
				MARKETING_VERSION = 1.0;
				PRODUCT_BUNDLE_IDENTIFIER = "com.Han.RandomUnsplash-MVVM";
				PRODUCT_NAME = "$(TARGET_NAME)";
				SWIFT_EMIT_LOC_STRINGS = YES;
				SWIFT_VERSION = 5.0;
				TARGETED_DEVICE_FAMILY = "1,2";
			};
			name = Debug;
		};
		806A05AA2AB897920038E5CA /* Release */ = {
			isa = XCBuildConfiguration;
			buildSettings = {
				ASSETCATALOG_COMPILER_APPICON_NAME = AppIcon;
				ASSETCATALOG_COMPILER_GLOBAL_ACCENT_COLOR_NAME = AccentColor;
				CODE_SIGN_STYLE = Automatic;
				CURRENT_PROJECT_VERSION = 1;
				DEVELOPMENT_TEAM = PUJ68C53FY;
				GENERATE_INFOPLIST_FILE = YES;
				INFOPLIST_FILE = RandomUnsplash.MVVM/Info.plist;
				INFOPLIST_KEY_UIApplicationSupportsIndirectInputEvents = YES;
				INFOPLIST_KEY_UILaunchStoryboardName = LaunchScreen;
				INFOPLIST_KEY_UIMainStoryboardFile = Main;
				INFOPLIST_KEY_UISupportedInterfaceOrientations_iPad = "UIInterfaceOrientationPortrait UIInterfaceOrientationPortraitUpsideDown UIInterfaceOrientationLandscapeLeft UIInterfaceOrientationLandscapeRight";
				INFOPLIST_KEY_UISupportedInterfaceOrientations_iPhone = "UIInterfaceOrientationPortrait UIInterfaceOrientationLandscapeLeft UIInterfaceOrientationLandscapeRight";
				LD_RUNPATH_SEARCH_PATHS = (
					"$(inherited)",
					"@executable_path/Frameworks",
				);
				MARKETING_VERSION = 1.0;
				PRODUCT_BUNDLE_IDENTIFIER = "com.Han.RandomUnsplash-MVVM";
				PRODUCT_NAME = "$(TARGET_NAME)";
				SWIFT_EMIT_LOC_STRINGS = YES;
				SWIFT_VERSION = 5.0;
				TARGETED_DEVICE_FAMILY = "1,2";
			};
			name = Release;
		};
/* End XCBuildConfiguration section */

/* Begin XCConfigurationList section */
		806A058F2AB897900038E5CA /* Build configuration list for PBXProject "RandomUnsplash.MVVM" */ = {
			isa = XCConfigurationList;
			buildConfigurations = (
				806A05A62AB897920038E5CA /* Debug */,
				806A05A72AB897920038E5CA /* Release */,
			);
			defaultConfigurationIsVisible = 0;
			defaultConfigurationName = Release;
		};
		806A05A82AB897920038E5CA /* Build configuration list for PBXNativeTarget "RandomUnsplash.MVVM" */ = {
			isa = XCConfigurationList;
			buildConfigurations = (
				806A05A92AB897920038E5CA /* Debug */,
				806A05AA2AB897920038E5CA /* Release */,
			);
			defaultConfigurationIsVisible = 0;
			defaultConfigurationName = Release;
		};
/* End XCConfigurationList section */
	};
	rootObject = 806A058C2AB897900038E5CA /* Project object */;
}
